
Microsoft Visual Studio Solution File, Format Version 12.00
# Visual Studio Version 17
VisualStudioVersion = 17.0.32014.148
MinimumVisualStudioVersion = 10.0.40219.1
Project("{FAE04EC0-301F-11D3-BF4B-00C04F79EFBC}") = "Xplora.UWP", "Xplora.UWP\Xplora.UWP.csproj", "{2EEDAEFB-998B-4E83-87EC-EEE73FA09F1F}"
EndProject
Project("{FAE04EC0-301F-11D3-BF4B-00C04F79EFBC}") = "Xplora.Android", "Xplora.Android\Xplora.Android.csproj", "{904327CE-90D8-40DE-B52B-362B33F1436B}"
EndProject
Project("{FAE04EC0-301F-11D3-BF4B-00C04F79EFBC}") = "Xplora.iOS", "Xplora.iOS\Xplora.iOS.csproj", "{CB98B951-479C-4E79-A6A7-5A1AAF27955E}"
EndProject
Project("{FAE04EC0-301F-11D3-BF4B-00C04F79EFBC}") = "Xplora", "Xplora\Xplora.csproj", "{E3FEF658-4318-430C-A765-E01526C4A86B}"
EndProject
Global
	GlobalSection(SolutionConfigurationPlatforms) = preSolution
		Debug|Any CPU = Debug|Any CPU
		Debug|ARM = Debug|ARM
		Debug|iPhone = Debug|iPhone
		Debug|iPhoneSimulator = Debug|iPhoneSimulator
		Debug|x64 = Debug|x64
		Debug|x86 = Debug|x86
		Release|Any CPU = Release|Any CPU
		Release|ARM = Release|ARM
		Release|iPhone = Release|iPhone
		Release|iPhoneSimulator = Release|iPhoneSimulator
		Release|x64 = Release|x64
		Release|x86 = Release|x86
	EndGlobalSection
	GlobalSection(ProjectConfigurationPlatforms) = postSolution
		{2EEDAEFB-998B-4E83-87EC-EEE73FA09F1F}.Debug|Any CPU.ActiveCfg = Debug|x64
		{2EEDAEFB-998B-4E83-87EC-EEE73FA09F1F}.Debug|Any CPU.Build.0 = Debug|x64
		{2EEDAEFB-998B-4E83-87EC-EEE73FA09F1F}.Debug|Any CPU.Deploy.0 = Debug|x64
		{2EEDAEFB-998B-4E83-87EC-EEE73FA09F1F}.Debug|ARM.ActiveCfg = Debug|ARM
		{2EEDAEFB-998B-4E83-87EC-EEE73FA09F1F}.Debug|ARM.Build.0 = Debug|ARM
		{2EEDAEFB-998B-4E83-87EC-EEE73FA09F1F}.Debug|ARM.Deploy.0 = Debug|ARM
		{2EEDAEFB-998B-4E83-87EC-EEE73FA09F1F}.Debug|iPhone.ActiveCfg = Debug|x64
		{2EEDAEFB-998B-4E83-87EC-EEE73FA09F1F}.Debug|iPhone.Build.0 = Debug|x64
		{2EEDAEFB-998B-4E83-87EC-EEE73FA09F1F}.Debug|iPhone.Deploy.0 = Debug|x64
		{2EEDAEFB-998B-4E83-87EC-EEE73FA09F1F}.Debug|iPhoneSimulator.ActiveCfg = Debug|x64
		{2EEDAEFB-998B-4E83-87EC-EEE73FA09F1F}.Debug|iPhoneSimulator.Build.0 = Debug|x64
		{2EEDAEFB-998B-4E83-87EC-EEE73FA09F1F}.Debug|iPhoneSimulator.Deploy.0 = Debug|x64
		{2EEDAEFB-998B-4E83-87EC-EEE73FA09F1F}.Debug|x64.ActiveCfg = Debug|x64
		{2EEDAEFB-998B-4E83-87EC-EEE73FA09F1F}.Debug|x64.Build.0 = Debug|x64
		{2EEDAEFB-998B-4E83-87EC-EEE73FA09F1F}.Debug|x64.Deploy.0 = Debug|x64
		{2EEDAEFB-998B-4E83-87EC-EEE73FA09F1F}.Debug|x86.ActiveCfg = Debug|x86
		{2EEDAEFB-998B-4E83-87EC-EEE73FA09F1F}.Debug|x86.Build.0 = Debug|x86
		{2EEDAEFB-998B-4E83-87EC-EEE73FA09F1F}.Debug|x86.Deploy.0 = Debug|x86
		{2EEDAEFB-998B-4E83-87EC-EEE73FA09F1F}.Release|Any CPU.ActiveCfg = Release|x64
		{2EEDAEFB-998B-4E83-87EC-EEE73FA09F1F}.Release|Any CPU.Build.0 = Release|x64
		{2EEDAEFB-998B-4E83-87EC-EEE73FA09F1F}.Release|Any CPU.Deploy.0 = Release|x64
		{2EEDAEFB-998B-4E83-87EC-EEE73FA09F1F}.Release|ARM.ActiveCfg = Release|ARM
		{2EEDAEFB-998B-4E83-87EC-EEE73FA09F1F}.Release|ARM.Build.0 = Release|ARM
		{2EEDAEFB-998B-4E83-87EC-EEE73FA09F1F}.Release|ARM.Deploy.0 = Release|ARM
		{2EEDAEFB-998B-4E83-87EC-EEE73FA09F1F}.Release|iPhone.ActiveCfg = Release|x64
		{2EEDAEFB-998B-4E83-87EC-EEE73FA09F1F}.Release|iPhone.Build.0 = Release|x64
		{2EEDAEFB-998B-4E83-87EC-EEE73FA09F1F}.Release|iPhone.Deploy.0 = Release|x64
		{2EEDAEFB-998B-4E83-87EC-EEE73FA09F1F}.Release|iPhoneSimulator.ActiveCfg = Release|x64
		{2EEDAEFB-998B-4E83-87EC-EEE73FA09F1F}.Release|iPhoneSimulator.Build.0 = Release|x64
		{2EEDAEFB-998B-4E83-87EC-EEE73FA09F1F}.Release|iPhoneSimulator.Deploy.0 = Release|x64
		{2EEDAEFB-998B-4E83-87EC-EEE73FA09F1F}.Release|x64.ActiveCfg = Release|x64
		{2EEDAEFB-998B-4E83-87EC-EEE73FA09F1F}.Release|x64.Build.0 = Release|x64
		{2EEDAEFB-998B-4E83-87EC-EEE73FA09F1F}.Release|x64.Deploy.0 = Release|x64
		{2EEDAEFB-998B-4E83-87EC-EEE73FA09F1F}.Release|x86.ActiveCfg = Release|x86
		{2EEDAEFB-998B-4E83-87EC-EEE73FA09F1F}.Release|x86.Build.0 = Release|x86
		{2EEDAEFB-998B-4E83-87EC-EEE73FA09F1F}.Release|x86.Deploy.0 = Release|x86
		{904327CE-90D8-40DE-B52B-362B33F1436B}.Debug|Any CPU.ActiveCfg = Debug|Any CPU
		{904327CE-90D8-40DE-B52B-362B33F1436B}.Debug|Any CPU.Build.0 = Debug|Any CPU
		{904327CE-90D8-40DE-B52B-362B33F1436B}.Debug|Any CPU.Deploy.0 = Debug|Any CPU
		{904327CE-90D8-40DE-B52B-362B33F1436B}.Debug|ARM.ActiveCfg = Debug|Any CPU
		{904327CE-90D8-40DE-B52B-362B33F1436B}.Debug|ARM.Build.0 = Debug|Any CPU
		{904327CE-90D8-40DE-B52B-362B33F1436B}.Debug|ARM.Deploy.0 = Debug|Any CPU
		{904327CE-90D8-40DE-B52B-362B33F1436B}.Debug|iPhone.ActiveCfg = Debug|Any CPU
		{904327CE-90D8-40DE-B52B-362B33F1436B}.Debug|iPhone.Build.0 = Debug|Any CPU
		{904327CE-90D8-40DE-B52B-362B33F1436B}.Debug|iPhone.Deploy.0 = Debug|Any CPU
		{904327CE-90D8-40DE-B52B-362B33F1436B}.Debug|iPhoneSimulator.ActiveCfg = Debug|Any CPU
		{904327CE-90D8-40DE-B52B-362B33F1436B}.Debug|iPhoneSimulator.Build.0 = Debug|Any CPU
		{904327CE-90D8-40DE-B52B-362B33F1436B}.Debug|iPhoneSimulator.Deploy.0 = Debug|Any CPU
		{904327CE-90D8-40DE-B52B-362B33F1436B}.Debug|x64.ActiveCfg = Debug|Any CPU
		{904327CE-90D8-40DE-B52B-362B33F1436B}.Debug|x64.Build.0 = Debug|Any CPU
		{904327CE-90D8-40DE-B52B-362B33F1436B}.Debug|x64.Deploy.0 = Debug|Any CPU
		{904327CE-90D8-40DE-B52B-362B33F1436B}.Debug|x86.ActiveCfg = Debug|Any CPU
		{904327CE-90D8-40DE-B52B-362B33F1436B}.Debug|x86.Build.0 = Debug|Any CPU
		{904327CE-90D8-40DE-B52B-362B33F1436B}.Debug|x86.Deploy.0 = Debug|Any CPU
		{904327CE-90D8-40DE-B52B-362B33F1436B}.Release|Any CPU.ActiveCfg = Release|Any CPU
		{904327CE-90D8-40DE-B52B-362B33F1436B}.Release|Any CPU.Build.0 = Release|Any CPU
		{904327CE-90D8-40DE-B52B-362B33F1436B}.Release|Any CPU.Deploy.0 = Release|Any CPU
		{904327CE-90D8-40DE-B52B-362B33F1436B}.Release|ARM.ActiveCfg = Release|Any CPU
		{904327CE-90D8-40DE-B52B-362B33F1436B}.Release|ARM.Build.0 = Release|Any CPU
		{904327CE-90D8-40DE-B52B-362B33F1436B}.Release|ARM.Deploy.0 = Release|Any CPU
		{904327CE-90D8-40DE-B52B-362B33F1436B}.Release|iPhone.ActiveCfg = Release|Any CPU
		{904327CE-90D8-40DE-B52B-362B33F1436B}.Release|iPhone.Build.0 = Release|Any CPU
		{904327CE-90D8-40DE-B52B-362B33F1436B}.Release|iPhone.Deploy.0 = Release|Any CPU
		{904327CE-90D8-40DE-B52B-362B33F1436B}.Release|iPhoneSimulator.ActiveCfg = Release|Any CPU
		{904327CE-90D8-40DE-B52B-362B33F1436B}.Release|iPhoneSimulator.Build.0 = Release|Any CPU
		{904327CE-90D8-40DE-B52B-362B33F1436B}.Release|iPhoneSimulator.Deploy.0 = Release|Any CPU
		{904327CE-90D8-40DE-B52B-362B33F1436B}.Release|x64.ActiveCfg = Release|Any CPU
		{904327CE-90D8-40DE-B52B-362B33F1436B}.Release|x64.Build.0 = Release|Any CPU
		{904327CE-90D8-40DE-B52B-362B33F1436B}.Release|x64.Deploy.0 = Release|Any CPU
		{904327CE-90D8-40DE-B52B-362B33F1436B}.Release|x86.ActiveCfg = Release|Any CPU
		{904327CE-90D8-40DE-B52B-362B33F1436B}.Release|x86.Build.0 = Release|Any CPU
		{904327CE-90D8-40DE-B52B-362B33F1436B}.Release|x86.Deploy.0 = Release|Any CPU
		{CB98B951-479C-4E79-A6A7-5A1AAF27955E}.Debug|Any CPU.ActiveCfg = Debug|iPhoneSimulator
		{CB98B951-479C-4E79-A6A7-5A1AAF27955E}.Debug|Any CPU.Build.0 = Debug|iPhoneSimulator
		{CB98B951-479C-4E79-A6A7-5A1AAF27955E}.Debug|Any CPU.Deploy.0 = Debug|iPhoneSimulator
		{CB98B951-479C-4E79-A6A7-5A1AAF27955E}.Debug|ARM.ActiveCfg = Debug|iPhoneSimulator
		{CB98B951-479C-4E79-A6A7-5A1AAF27955E}.Debug|ARM.Build.0 = Debug|iPhoneSimulator
		{CB98B951-479C-4E79-A6A7-5A1AAF27955E}.Debug|ARM.Deploy.0 = Debug|iPhoneSimulator
		{CB98B951-479C-4E79-A6A7-5A1AAF27955E}.Debug|iPhone.ActiveCfg = Debug|iPhone
		{CB98B951-479C-4E79-A6A7-5A1AAF27955E}.Debug|iPhone.Build.0 = Debug|iPhone
		{CB98B951-479C-4E79-A6A7-5A1AAF27955E}.Debug|iPhone.Deploy.0 = Debug|iPhone
		{CB98B951-479C-4E79-A6A7-5A1AAF27955E}.Debug|iPhoneSimulator.ActiveCfg = Debug|iPhoneSimulator
		{CB98B951-479C-4E79-A6A7-5A1AAF27955E}.Debug|iPhoneSimulator.Build.0 = Debug|iPhoneSimulator
		{CB98B951-479C-4E79-A6A7-5A1AAF27955E}.Debug|iPhoneSimulator.Deploy.0 = Debug|iPhoneSimulator
		{CB98B951-479C-4E79-A6A7-5A1AAF27955E}.Debug|x64.ActiveCfg = Debug|iPhone
		{CB98B951-479C-4E79-A6A7-5A1AAF27955E}.Debug|x64.Build.0 = Debug|iPhone
		{CB98B951-479C-4E79-A6A7-5A1AAF27955E}.Debug|x64.Deploy.0 = Debug|iPhone
		{CB98B951-479C-4E79-A6A7-5A1AAF27955E}.Debug|x86.ActiveCfg = Debug|iPhoneSimulator
		{CB98B951-479C-4E79-A6A7-5A1AAF27955E}.Debug|x86.Build.0 = Debug|iPhoneSimulator
		{CB98B951-479C-4E79-A6A7-5A1AAF27955E}.Debug|x86.Deploy.0 = Debug|iPhoneSimulator
		{CB98B951-479C-4E79-A6A7-5A1AAF27955E}.Release|Any CPU.ActiveCfg = Release|iPhoneSimulator
		{CB98B951-479C-4E79-A6A7-5A1AAF27955E}.Release|Any CPU.Build.0 = Release|iPhoneSimulator
		{CB98B951-479C-4E79-A6A7-5A1AAF27955E}.Release|Any CPU.Deploy.0 = Release|iPhoneSimulator
		{CB98B951-479C-4E79-A6A7-5A1AAF27955E}.Release|ARM.ActiveCfg = Release|iPhoneSimulator
		{CB98B951-479C-4E79-A6A7-5A1AAF27955E}.Release|ARM.Build.0 = Release|iPhoneSimulator
		{CB98B951-479C-4E79-A6A7-5A1AAF27955E}.Release|ARM.Deploy.0 = Release|iPhoneSimulator
		{CB98B951-479C-4E79-A6A7-5A1AAF27955E}.Release|iPhone.ActiveCfg = Release|iPhone
		{CB98B951-479C-4E79-A6A7-5A1AAF27955E}.Release|iPhone.Build.0 = Release|iPhone
		{CB98B951-479C-4E79-A6A7-5A1AAF27955E}.Release|iPhone.Deploy.0 = Release|iPhone
		{CB98B951-479C-4E79-A6A7-5A1AAF27955E}.Release|iPhoneSimulator.ActiveCfg = Release|iPhoneSimulator
		{CB98B951-479C-4E79-A6A7-5A1AAF27955E}.Release|iPhoneSimulator.Build.0 = Release|iPhoneSimulator
		{CB98B951-479C-4E79-A6A7-5A1AAF27955E}.Release|iPhoneSimulator.Deploy.0 = Release|iPhoneSimulator
		{CB98B951-479C-4E79-A6A7-5A1AAF27955E}.Release|x64.ActiveCfg = Release|iPhoneSimulator
		{CB98B951-479C-4E79-A6A7-5A1AAF27955E}.Release|x64.Build.0 = Release|iPhoneSimulator
		{CB98B951-479C-4E79-A6A7-5A1AAF27955E}.Release|x64.Deploy.0 = Release|iPhoneSimulator
		{CB98B951-479C-4E79-A6A7-5A1AAF27955E}.Release|x86.ActiveCfg = Release|iPhoneSimulator
		{CB98B951-479C-4E79-A6A7-5A1AAF27955E}.Release|x86.Build.0 = Release|iPhoneSimulator
		{CB98B951-479C-4E79-A6A7-5A1AAF27955E}.Release|x86.Deploy.0 = Release|iPhoneSimulator
		{E3FEF658-4318-430C-A765-E01526C4A86B}.Debug|Any CPU.ActiveCfg = Debug|Any CPU
		{E3FEF658-4318-430C-A765-E01526C4A86B}.Debug|Any CPU.Build.0 = Debug|Any CPU
		{E3FEF658-4318-430C-A765-E01526C4A86B}.Debug|Any CPU.Deploy.0 = Debug|Any CPU
		{E3FEF658-4318-430C-A765-E01526C4A86B}.Debug|ARM.ActiveCfg = Debug|Any CPU
		{E3FEF658-4318-430C-A765-E01526C4A86B}.Debug|ARM.Build.0 = Debug|Any CPU
		{E3FEF658-4318-430C-A765-E01526C4A86B}.Debug|ARM.Deploy.0 = Debug|Any CPU
		{E3FEF658-4318-430C-A765-E01526C4A86B}.Debug|iPhone.ActiveCfg = Debug|Any CPU
		{E3FEF658-4318-430C-A765-E01526C4A86B}.Debug|iPhone.Build.0 = Debug|Any CPU
		{E3FEF658-4318-430C-A765-E01526C4A86B}.Debug|iPhone.Deploy.0 = Debug|Any CPU
		{E3FEF658-4318-430C-A765-E01526C4A86B}.Debug|iPhoneSimulator.ActiveCfg = Debug|Any CPU
		{E3FEF658-4318-430C-A765-E01526C4A86B}.Debug|iPhoneSimulator.Build.0 = Debug|Any CPU
		{E3FEF658-4318-430C-A765-E01526C4A86B}.Debug|iPhoneSimulator.Deploy.0 = Debug|Any CPU
		{E3FEF658-4318-430C-A765-E01526C4A86B}.Debug|x64.ActiveCfg = Debug|Any CPU
		{E3FEF658-4318-430C-A765-E01526C4A86B}.Debug|x64.Build.0 = Debug|Any CPU
		{E3FEF658-4318-430C-A765-E01526C4A86B}.Debug|x64.Deploy.0 = Debug|Any CPU
		{E3FEF658-4318-430C-A765-E01526C4A86B}.Debug|x86.ActiveCfg = Debug|Any CPU
		{E3FEF658-4318-430C-A765-E01526C4A86B}.Debug|x86.Build.0 = Debug|Any CPU
		{E3FEF658-4318-430C-A765-E01526C4A86B}.Debug|x86.Deploy.0 = Debug|Any CPU
		{E3FEF658-4318-430C-A765-E01526C4A86B}.Release|Any CPU.ActiveCfg = Release|Any CPU
		{E3FEF658-4318-430C-A765-E01526C4A86B}.Release|Any CPU.Build.0 = Release|Any CPU
		{E3FEF658-4318-430C-A765-E01526C4A86B}.Release|Any CPU.Deploy.0 = Release|Any CPU
		{E3FEF658-4318-430C-A765-E01526C4A86B}.Release|ARM.ActiveCfg = Release|Any CPU
		{E3FEF658-4318-430C-A765-E01526C4A86B}.Release|ARM.Build.0 = Release|Any CPU
		{E3FEF658-4318-430C-A765-E01526C4A86B}.Release|ARM.Deploy.0 = Release|Any CPU
		{E3FEF658-4318-430C-A765-E01526C4A86B}.Release|iPhone.ActiveCfg = Release|Any CPU
		{E3FEF658-4318-430C-A765-E01526C4A86B}.Release|iPhone.Build.0 = Release|Any CPU
		{E3FEF658-4318-430C-A765-E01526C4A86B}.Release|iPhone.Deploy.0 = Release|Any CPU
		{E3FEF658-4318-430C-A765-E01526C4A86B}.Release|iPhoneSimulator.ActiveCfg = Release|Any CPU
		{E3FEF658-4318-430C-A765-E01526C4A86B}.Release|iPhoneSimulator.Build.0 = Release|Any CPU
		{E3FEF658-4318-430C-A765-E01526C4A86B}.Release|iPhoneSimulator.Deploy.0 = Release|Any CPU
		{E3FEF658-4318-430C-A765-E01526C4A86B}.Release|x64.ActiveCfg = Release|Any CPU
		{E3FEF658-4318-430C-A765-E01526C4A86B}.Release|x64.Build.0 = Release|Any CPU
		{E3FEF658-4318-430C-A765-E01526C4A86B}.Release|x64.Deploy.0 = Release|Any CPU
		{E3FEF658-4318-430C-A765-E01526C4A86B}.Release|x86.ActiveCfg = Release|Any CPU
		{E3FEF658-4318-430C-A765-E01526C4A86B}.Release|x86.Build.0 = Release|Any CPU
		{E3FEF658-4318-430C-A765-E01526C4A86B}.Release|x86.Deploy.0 = Release|Any CPU
	EndGlobalSection
	GlobalSection(SolutionProperties) = preSolution
		HideSolutionNode = FALSE
	EndGlobalSection
	GlobalSection(ExtensibilityGlobals) = postSolution
		SolutionGuid = {D4C1BD89-E487-4FD2-A4C1-AAF09BE1C4BB}
	EndGlobalSection
EndGlobal
